
Microsoft Visual Studio Solution File, Format Version 12.00
# Visual Studio Version 17
VisualStudioVersion = 17.10.35013.160
MinimumVisualStudioVersion = 10.0.40219.1
Project("{9A19103F-16F7-4668-BE54-9A1E7A4F7556}") = "OnlineGym.Web", "OnlineGym.Web\OnlineGym.Web.csproj", "{A7955224-A6B5-4B32-92DE-91F89737C735}"
EndProject
Project("{9A19103F-16F7-4668-BE54-9A1E7A4F7556}") = "OnlineGym.DataAccess", "OnlineGym.DataAccess\OnlineGym.DataAccess.csproj", "{AB8F94FA-954B-471D-A052-1528F8CA967A}"
EndProject
Project("{9A19103F-16F7-4668-BE54-9A1E7A4F7556}") = "OnlineGym.Entities", "OnlineGym.Entities\OnlineGym.Entities.csproj", "{506C47CC-AB17-44C8-AA5D-263FD93548C0}"
EndProject
Project("{FAE04EC0-301F-11D3-BF4B-00C04F79EFBC}") = "OnlineGym.Utilities", "OnlineGym.Utilities\OnlineGym.Utilities.csproj", "{C8B69FBA-416C-4A0B-AEC6-2FFDAAADDBEC}"
EndProject
Global
	GlobalSection(SolutionConfigurationPlatforms) = preSolution
		Debug|Any CPU = Debug|Any CPU
		Release|Any CPU = Release|Any CPU
	EndGlobalSection
	GlobalSection(ProjectConfigurationPlatforms) = postSolution
		{A7955224-A6B5-4B32-92DE-91F89737C735}.Debug|Any CPU.ActiveCfg = Debug|Any CPU
		{A7955224-A6B5-4B32-92DE-91F89737C735}.Debug|Any CPU.Build.0 = Debug|Any CPU
		{A7955224-A6B5-4B32-92DE-91F89737C735}.Release|Any CPU.ActiveCfg = Release|Any CPU
		{A7955224-A6B5-4B32-92DE-91F89737C735}.Release|Any CPU.Build.0 = Release|Any CPU
		{AB8F94FA-954B-471D-A052-1528F8CA967A}.Debug|Any CPU.ActiveCfg = Debug|Any CPU
		{AB8F94FA-954B-471D-A052-1528F8CA967A}.Debug|Any CPU.Build.0 = Debug|Any CPU
		{AB8F94FA-954B-471D-A052-1528F8CA967A}.Release|Any CPU.ActiveCfg = Release|Any CPU
		{AB8F94FA-954B-471D-A052-1528F8CA967A}.Release|Any CPU.Build.0 = Release|Any CPU
		{506C47CC-AB17-44C8-AA5D-263FD93548C0}.Debug|Any CPU.ActiveCfg = Debug|Any CPU
		{506C47CC-AB17-44C8-AA5D-263FD93548C0}.Debug|Any CPU.Build.0 = Debug|Any CPU
		{506C47CC-AB17-44C8-AA5D-263FD93548C0}.Release|Any CPU.ActiveCfg = Release|Any CPU
		{506C47CC-AB17-44C8-AA5D-263FD93548C0}.Release|Any CPU.Build.0 = Release|Any CPU
		{C8B69FBA-416C-4A0B-AEC6-2FFDAAADDBEC}.Debug|Any CPU.ActiveCfg = Debug|Any CPU
		{C8B69FBA-416C-4A0B-AEC6-2FFDAAADDBEC}.Debug|Any CPU.Build.0 = Debug|Any CPU
		{C8B69FBA-416C-4A0B-AEC6-2FFDAAADDBEC}.Release|Any CPU.ActiveCfg = Release|Any CPU
		{C8B69FBA-416C-4A0B-AEC6-2FFDAAADDBEC}.Release|Any CPU.Build.0 = Release|Any CPU
	EndGlobalSection
	GlobalSection(SolutionProperties) = preSolution
		HideSolutionNode = FALSE
	EndGlobalSection
	GlobalSection(ExtensibilityGlobals) = postSolution
		SolutionGuid = {C2371826-2942-4316-9232-DD979A52CED9}
	EndGlobalSection
EndGlobal
